
Microsoft Visual Studio Solution File, Format Version 12.00
# Visual Studio 15
VisualStudioVersion = 15.0.27703.2042
MinimumVisualStudioVersion = 10.0.40219.1
Project("{8BC9CEB8-8B4A-11D0-8D11-00A0C91BC942}") = "d2players", "d2players\d2players.vcxproj", "{E7F3275E-F133-4F58-8C9A-3F9524DBDEDB}"
EndProject
Global
	GlobalSection(SolutionConfigurationPlatforms) = preSolution
		Debug|x64 = Debug|x64
		Debug|x86 = Debug|x86
		Release|x64 = Release|x64
		Release|x86 = Release|x86
	EndGlobalSection
	GlobalSection(ProjectConfigurationPlatforms) = postSolution
		{E7F3275E-F133-4F58-8C9A-3F9524DBDEDB}.Debug|x64.ActiveCfg = Debug|x64
		{E7F3275E-F133-4F58-8C9A-3F9524DBDEDB}.Debug|x64.Build.0 = Debug|x64
		{E7F3275E-F133-4F58-8C9A-3F9524DBDEDB}.Debug|x86.ActiveCfg = Debug|Win32
		{E7F3275E-F133-4F58-8C9A-3F9524DBDEDB}.Debug|x86.Build.0 = Debug|Win32
		{E7F3275E-F133-4F58-8C9A-3F9524DBDEDB}.Release|x64.ActiveCfg = Release|x64
		{E7F3275E-F133-4F58-8C9A-3F9524DBDEDB}.Release|x64.Build.0 = Release|x64
		{E7F3275E-F133-4F58-8C9A-3F9524DBDEDB}.Release|x86.ActiveCfg = Release|Win32
		{E7F3275E-F133-4F58-8C9A-3F9524DBDEDB}.Release|x86.Build.0 = Release|Win32
	EndGlobalSection
	GlobalSection(SolutionProperties) = preSolution
		HideSolutionNode = FALSE
	EndGlobalSection
	GlobalSection(ExtensibilityGlobals) = postSolution
		SolutionGuid = {1189E47A-507E-4099-BB9E-99E05B3C8972}
	EndGlobalSection
EndGlobal
